
Microsoft Visual Studio Solution File, Format Version 12.00
# Visual Studio Version 17
VisualStudioVersion = 17.9.34622.214
MinimumVisualStudioVersion = 10.0.40219.1
Project("{FAE04EC0-301F-11D3-BF4B-00C04F79EFBC}") = "Secretdiary2", "Secretdiary2\Secretdiary2.csproj", "{34E82291-2714-4FC2-8E6B-4C95A279054E}"
EndProject
Global
	GlobalSection(SolutionConfigurationPlatforms) = preSolution
		Debug|Any CPU = Debug|Any CPU
		Release|Any CPU = Release|Any CPU
	EndGlobalSection
	GlobalSection(ProjectConfigurationPlatforms) = postSolution
		{34E82291-2714-4FC2-8E6B-4C95A279054E}.Debug|Any CPU.ActiveCfg = Debug|Any CPU
		{34E82291-2714-4FC2-8E6B-4C95A279054E}.Debug|Any CPU.Build.0 = Debug|Any CPU
		{34E82291-2714-4FC2-8E6B-4C95A279054E}.Release|Any CPU.ActiveCfg = Release|Any CPU
		{34E82291-2714-4FC2-8E6B-4C95A279054E}.Release|Any CPU.Build.0 = Release|Any CPU
	EndGlobalSection
	GlobalSection(SolutionProperties) = preSolution
		HideSolutionNode = FALSE
	EndGlobalSection
	GlobalSection(ExtensibilityGlobals) = postSolution
		SolutionGuid = {E22D0E64-541C-4457-A00F-69C3E83311AD}
	EndGlobalSection
EndGlobal
